<?xml version="1.0" encoding="utf-8"?>
<Project ToolsVersion="4.0" xmlns="http://schemas.microsoft.com/developer/msbuild/2003">
  <ItemGroup>
    <Filter Include="Исходные файлы">
      <UniqueIdentifier>{4FC737F1-C7A5-4376-A066-2A32D752A2FF}</UniqueIdentifier>
      <Extensions>cpp;c;cc;cxx;c++;cppm;ixx;def;odl;idl;hpj;bat;asm;asmx</Extensions>
    </Filter>
    <Filter Include="Файлы заголовков">
      <UniqueIdentifier>{93995380-89BD-4b04-88EB-625FBE52EBFB}</UniqueIdentifier>
      <Extensions>h;hh;hpp;hxx;h++;hm;inl;inc;ipp;xsd</Extensions>
    </Filter>
    <Filter Include="Файлы ресурсов">
      <UniqueIdentifier>{67DA6AB6-F800-4c08-8B7A-83BB121AAD01}</UniqueIdentifier>
      <Extensions>rc;ico;cur;bmp;dlg;rc2;rct;bin;rgs;gif;jpg;jpeg;jpe;resx;tiff;tif;png;wav;mfcribbon-ms</Extensions>
    </Filter>
  </ItemGroup>
  <ItemGroup>
    <ClCompile Include="mylib_loader.cpp">
      <Filter>Исходные файлы</Filter>
    </ClCompile>
    <ClCompile Include="source\m3_code.c">
      <Filter>Исходные файлы</Filter>
    </ClCompile>
    <ClCompile Include="source\m3_compile.c">
      <Filter>Исходные файлы</Filter>
    </ClCompile>
    <ClCompile Include="source\m3_core.c">
      <Filter>Исходные файлы</Filter>
    </ClCompile>
    <ClCompile Include="source\m3_emit.c">
      <Filter>Исходные файлы</Filter>
    </ClCompile>
    <ClCompile Include="source\m3_env.c">
      <Filter>Исходные файлы</Filter>
    </ClCompile>
    <ClCompile Include="source\m3_exec.c">
      <Filter>Исходные файлы</Filter>
    </ClCompile>
    <ClCompile Include="source\m3_function.c">
      <Filter>Исходные файлы</Filter>
    </ClCompile>
    <ClCompile Include="source\m3_info.c">
      <Filter>Исходные файлы</Filter>
    </ClCompile>
    <ClCompile Include="source\m3_module.c">
      <Filter>Исходные файлы</Filter>
    </ClCompile>
    <ClCompile Include="source\m3_parse.c">
      <Filter>Исходные файлы</Filter>
    </ClCompile>
    <ClCompile Include="source\m3_api_libc.c">
      <Filter>Исходные файлы</Filter>
    </ClCompile>
    <ClCompile Include="source\m3_api_meta_wasi.c">
      <Filter>Исходные файлы</Filter>
    </ClCompile>
    <ClCompile Include="source\m3_api_tracer.c">
      <Filter>Исходные файлы</Filter>
    </ClCompile>
    <ClCompile Include="source\m3_api_uvwasi.c">
      <Filter>Исходные файлы</Filter>
    </ClCompile>
    <ClCompile Include="source\m3_api_wasi.c">
      <Filter>Исходные файлы</Filter>
    </ClCompile>
    <ClCompile Include="source\m3_bind.c">
      <Filter>Исходные файлы</Filter>
    </ClCompile>
    <ClCompile Include="source\m3_optimize.c">
      <Filter>Исходные файлы</Filter>
    </ClCompile>
  </ItemGroup>
  <ItemGroup>
    <ClInclude Include="source\m3_api_defs.h">
      <Filter>Файлы заголовков</Filter>
    </ClInclude>
    <ClInclude Include="source\m3_api_libc.h">
      <Filter>Файлы заголовков</Filter>
    </ClInclude>
    <ClInclude Include="source\m3_api_tracer.h">
      <Filter>Файлы заголовков</Filter>
    </ClInclude>
    <ClInclude Include="source\m3_api_wasi.h">
      <Filter>Файлы заголовков</Filter>
    </ClInclude>
    <ClInclude Include="source\m3_bind.h">
      <Filter>Файлы заголовков</Filter>
    </ClInclude>
    <ClInclude Include="source\m3_code.h">
      <Filter>Файлы заголовков</Filter>
    </ClInclude>
    <ClInclude Include="source\m3_compile.h">
      <Filter>Файлы заголовков</Filter>
    </ClInclude>
    <ClInclude Include="source\m3_config.h">
      <Filter>Файлы заголовков</Filter>
    </ClInclude>
    <ClInclude Include="source\m3_config_platforms.h">
      <Filter>Файлы заголовков</Filter>
    </ClInclude>
    <ClInclude Include="source\m3_core.h">
      <Filter>Файлы заголовков</Filter>
    </ClInclude>
    <ClInclude Include="source\m3_emit.h">
      <Filter>Файлы заголовков</Filter>
    </ClInclude>
    <ClInclude Include="source\m3_env.h">
      <Filter>Файлы заголовков</Filter>
    </ClInclude>
    <ClInclude Include="source\m3_exception.h">
      <Filter>Файлы заголовков</Filter>
    </ClInclude>
    <ClInclude Include="source\m3_exec.h">
      <Filter>Файлы заголовков</Filter>
    </ClInclude>
    <ClInclude Include="source\m3_exec_defs.h">
      <Filter>Файлы заголовков</Filter>
    </ClInclude>
    <ClInclude Include="source\m3_function.h">
      <Filter>Файлы заголовков</Filter>
    </ClInclude>
    <ClInclude Include="source\m3_info.h">
      <Filter>Файлы заголовков</Filter>
    </ClInclude>
    <ClInclude Include="source\m3_math_utils.h">
      <Filter>Файлы заголовков</Filter>
    </ClInclude>
    <ClInclude Include="source\wasm3.h">
      <Filter>Файлы заголовков</Filter>
    </ClInclude>
    <ClInclude Include="source\wasm3_defs.h">
      <Filter>Файлы заголовков</Filter>
    </ClInclude>
  </ItemGroup>
</Project>